
Microsoft Visual Studio Solution File, Format Version 12.00
# Visual Studio Version 16
VisualStudioVersion = 16.0.31205.134
MinimumVisualStudioVersion = 10.0.40219.1
Project("{9A19103F-16F7-4668-BE54-9A1E7A4F7556}") = "TqkLibrary.Queues", "TqkLibrary.Queues\TqkLibrary.Queues.csproj", "{62CF6509-4CEB-44AA-B036-FCE535EA0EAA}"
EndProject
Project("{FAE04EC0-301F-11D3-BF4B-00C04F79EFBC}") = "ConsoleTest", "ConsoleTest\ConsoleTest.csproj", "{6CCEABC5-BCC8-4F20-BE63-8DA2BD4FDC0F}"
EndProject
Global
	GlobalSection(SolutionConfigurationPlatforms) = preSolution
		Debug|Any CPU = Debug|Any CPU
		Release|Any CPU = Release|Any CPU
	EndGlobalSection
	GlobalSection(ProjectConfigurationPlatforms) = postSolution
		{62CF6509-4CEB-44AA-B036-FCE535EA0EAA}.Debug|Any CPU.ActiveCfg = Debug|Any CPU
		{62CF6509-4CEB-44AA-B036-FCE535EA0EAA}.Debug|Any CPU.Build.0 = Debug|Any CPU
		{62CF6509-4CEB-44AA-B036-FCE535EA0EAA}.Release|Any CPU.ActiveCfg = Release|Any CPU
		{62CF6509-4CEB-44AA-B036-FCE535EA0EAA}.Release|Any CPU.Build.0 = Release|Any CPU
		{6CCEABC5-BCC8-4F20-BE63-8DA2BD4FDC0F}.Debug|Any CPU.ActiveCfg = Debug|Any CPU
		{6CCEABC5-BCC8-4F20-BE63-8DA2BD4FDC0F}.Debug|Any CPU.Build.0 = Debug|Any CPU
		{6CCEABC5-BCC8-4F20-BE63-8DA2BD4FDC0F}.Release|Any CPU.ActiveCfg = Release|Any CPU
		{6CCEABC5-BCC8-4F20-BE63-8DA2BD4FDC0F}.Release|Any CPU.Build.0 = Release|Any CPU
	EndGlobalSection
	GlobalSection(SolutionProperties) = preSolution
		HideSolutionNode = FALSE
	EndGlobalSection
	GlobalSection(ExtensibilityGlobals) = postSolution
		SolutionGuid = {DB112783-8973-46AD-89F0-9A3BC73C9104}
	EndGlobalSection
EndGlobal
